
Microsoft Visual Studio Solution File, Format Version 12.00
# Visual Studio Version 17
VisualStudioVersion = 17.7.34221.43
MinimumVisualStudioVersion = 10.0.40219.1
Project("{FAE04EC0-301F-11D3-BF4B-00C04F79EFBC}") = "SistemaDeGestionDeEmpleados.Web", "SistemaDeGestionDeEmpleados.Web\SistemaDeGestionDeEmpleados.Web.csproj", "{A5C63711-E512-430F-BF4C-82A023FE5F76}"
EndProject
Project("{FAE04EC0-301F-11D3-BF4B-00C04F79EFBC}") = "SistemaDeGestionDeEmpleados.Data", "SistemaDeGestionDeEmpleados.Data\SistemaDeGestionDeEmpleados.Data.csproj", "{016F1DA8-FED9-414A-8761-DDAE6D1E6D29}"
EndProject
Project("{FAE04EC0-301F-11D3-BF4B-00C04F79EFBC}") = "SistemaDeGestionDeEmpleados.Servicio", "SistemaDeGestionDeEmpleados.Servicio\SistemaDeGestionDeEmpleados.Servicio.csproj", "{FCB0C7F0-2210-4889-B6B3-EBAA468074D9}"
EndProject
Global
	GlobalSection(SolutionConfigurationPlatforms) = preSolution
		Debug|Any CPU = Debug|Any CPU
		Release|Any CPU = Release|Any CPU
	EndGlobalSection
	GlobalSection(ProjectConfigurationPlatforms) = postSolution
		{A5C63711-E512-430F-BF4C-82A023FE5F76}.Debug|Any CPU.ActiveCfg = Debug|Any CPU
		{A5C63711-E512-430F-BF4C-82A023FE5F76}.Debug|Any CPU.Build.0 = Debug|Any CPU
		{A5C63711-E512-430F-BF4C-82A023FE5F76}.Release|Any CPU.ActiveCfg = Release|Any CPU
		{A5C63711-E512-430F-BF4C-82A023FE5F76}.Release|Any CPU.Build.0 = Release|Any CPU
		{016F1DA8-FED9-414A-8761-DDAE6D1E6D29}.Debug|Any CPU.ActiveCfg = Debug|Any CPU
		{016F1DA8-FED9-414A-8761-DDAE6D1E6D29}.Debug|Any CPU.Build.0 = Debug|Any CPU
		{016F1DA8-FED9-414A-8761-DDAE6D1E6D29}.Release|Any CPU.ActiveCfg = Release|Any CPU
		{016F1DA8-FED9-414A-8761-DDAE6D1E6D29}.Release|Any CPU.Build.0 = Release|Any CPU
		{FCB0C7F0-2210-4889-B6B3-EBAA468074D9}.Debug|Any CPU.ActiveCfg = Debug|Any CPU
		{FCB0C7F0-2210-4889-B6B3-EBAA468074D9}.Debug|Any CPU.Build.0 = Debug|Any CPU
		{FCB0C7F0-2210-4889-B6B3-EBAA468074D9}.Release|Any CPU.ActiveCfg = Release|Any CPU
		{FCB0C7F0-2210-4889-B6B3-EBAA468074D9}.Release|Any CPU.Build.0 = Release|Any CPU
	EndGlobalSection
	GlobalSection(SolutionProperties) = preSolution
		HideSolutionNode = FALSE
	EndGlobalSection
	GlobalSection(ExtensibilityGlobals) = postSolution
		SolutionGuid = {12D98B12-9798-479F-9086-36A9496A2490}
	EndGlobalSection
EndGlobal
